// !$*UTF8*$!
{
	archiveVersion = 1;
	classes = {
	};
	objectVersion = 46;
	objects = {

/* Begin PBXBuildFile section */
		F373A38F1E7D15E500E0EA80 /* AppDelegate.swift in Sources */ = {isa = PBXBuildFile; fileRef = F373A38E1E7D15E500E0EA80 /* AppDelegate.swift */; };
		F373A3911E7D15E500E0EA80 /* ViewController.swift in Sources */ = {isa = PBXBuildFile; fileRef = F373A3901E7D15E500E0EA80 /* ViewController.swift */; };
		F373A3941E7D15E500E0EA80 /* Main.storyboard in Resources */ = {isa = PBXBuildFile; fileRef = F373A3921E7D15E500E0EA80 /* Main.storyboard */; };
		F373A3961E7D15E500E0EA80 /* Assets.xcassets in Resources */ = {isa = PBXBuildFile; fileRef = F373A3951E7D15E500E0EA80 /* Assets.xcassets */; };
		F373A3991E7D15E500E0EA80 /* LaunchScreen.storyboard in Resources */ = {isa = PBXBuildFile; fileRef = F373A3971E7D15E500E0EA80 /* LaunchScreen.storyboard */; };
		F373A3A21E7D161700E0EA80 /* find-wally-1.jpg in Resources */ = {isa = PBXBuildFile; fileRef = F373A3A01E7D161700E0EA80 /* find-wally-1.jpg */; };
		F373A3A31E7D161700E0EA80 /* hi-wally.jpg in Resources */ = {isa = PBXBuildFile; fileRef = F373A3A11E7D161700E0EA80 /* hi-wally.jpg */; };
		F373A3A91E7D198700E0EA80 /* FirstImageViewController.swift in Sources */ = {isa = PBXBuildFile; fileRef = F373A3A81E7D198700E0EA80 /* FirstImageViewController.swift */; };
		F373A3AC1E7D1CCD00E0EA80 /* AVFoundation.framework in Frameworks */ = {isa = PBXBuildFile; fileRef = F373A3AB1E7D1CCD00E0EA80 /* AVFoundation.framework */; };
		F373A3AE1E7D1D2700E0EA80 /* doop.mp3 in Resources */ = {isa = PBXBuildFile; fileRef = F373A3AD1E7D1D2700E0EA80 /* doop.mp3 */; };
/* End PBXBuildFile section */

/* Begin PBXFileReference section */
		F373A38B1E7D15E500E0EA80 /* find-wally.app */ = {isa = PBXFileReference; explicitFileType = wrapper.application; includeInIndex = 0; path = "find-wally.app"; sourceTree = BUILT_PRODUCTS_DIR; };
		F373A38E1E7D15E500E0EA80 /* AppDelegate.swift */ = {isa = PBXFileReference; lastKnownFileType = sourcecode.swift; path = AppDelegate.swift; sourceTree = "<group>"; };
		F373A3901E7D15E500E0EA80 /* ViewController.swift */ = {isa = PBXFileReference; lastKnownFileType = sourcecode.swift; path = ViewController.swift; sourceTree = "<group>"; };
		F373A3931E7D15E500E0EA80 /* Base */ = {isa = PBXFileReference; lastKnownFileType = file.storyboard; name = Base; path = Base.lproj/Main.storyboard; sourceTree = "<group>"; };
		F373A3951E7D15E500E0EA80 /* Assets.xcassets */ = {isa = PBXFileReference; lastKnownFileType = folder.assetcatalog; path = Assets.xcassets; sourceTree = "<group>"; };
		F373A3981E7D15E500E0EA80 /* Base */ = {isa = PBXFileReference; lastKnownFileType = file.storyboard; name = Base; path = Base.lproj/LaunchScreen.storyboard; sourceTree = "<group>"; };
		F373A39A1E7D15E500E0EA80 /* Info.plist */ = {isa = PBXFileReference; lastKnownFileType = text.plist.xml; path = Info.plist; sourceTree = "<group>"; };
		F373A3A01E7D161700E0EA80 /* find-wally-1.jpg */ = {isa = PBXFileReference; lastKnownFileType = image.jpeg; path = "find-wally-1.jpg"; sourceTree = "<group>"; };
		F373A3A11E7D161700E0EA80 /* hi-wally.jpg */ = {isa = PBXFileReference; lastKnownFileType = image.jpeg; path = "hi-wally.jpg"; sourceTree = "<group>"; };
		F373A3A81E7D198700E0EA80 /* FirstImageViewController.swift */ = {isa = PBXFileReference; fileEncoding = 4; lastKnownFileType = sourcecode.swift; path = FirstImageViewController.swift; sourceTree = "<group>"; };
		F373A3AB1E7D1CCD00E0EA80 /* AVFoundation.framework */ = {isa = PBXFileReference; lastKnownFileType = wrapper.framework; name = AVFoundation.framework; path = System/Library/Frameworks/AVFoundation.framework; sourceTree = SDKROOT; };
		F373A3AD1E7D1D2700E0EA80 /* doop.mp3 */ = {isa = PBXFileReference; lastKnownFileType = audio.mp3; path = doop.mp3; sourceTree = "<group>"; };
/* End PBXFileReference section */

/* Begin PBXFrameworksBuildPhase section */
		F373A3881E7D15E500E0EA80 /* Frameworks */ = {
			isa = PBXFrameworksBuildPhase;
			buildActionMask = 2147483647;
			files = (
				F373A3AC1E7D1CCD00E0EA80 /* AVFoundation.framework in Frameworks */,
			);
			runOnlyForDeploymentPostprocessing = 0;
		};
/* End PBXFrameworksBuildPhase section */

/* Begin PBXGroup section */
		F373A3821E7D15E500E0EA80 = {
			isa = PBXGroup;
			children = (
				F373A38D1E7D15E500E0EA80 /* find-wally */,
				F373A38C1E7D15E500E0EA80 /* Products */,
				F373A3AA1E7D1CCD00E0EA80 /* Frameworks */,
			);
			sourceTree = "<group>";
		};
		F373A38C1E7D15E500E0EA80 /* Products */ = {
			isa = PBXGroup;
			children = (
				F373A38B1E7D15E500E0EA80 /* find-wally.app */,
			);
			name = Products;
			sourceTree = "<group>";
		};
		F373A38D1E7D15E500E0EA80 /* find-wally */ = {
			isa = PBXGroup;
			children = (
				F373A3A01E7D161700E0EA80 /* find-wally-1.jpg */,
				F373A3A11E7D161700E0EA80 /* hi-wally.jpg */,
				F373A3AD1E7D1D2700E0EA80 /* doop.mp3 */,
				F373A38E1E7D15E500E0EA80 /* AppDelegate.swift */,
				F373A3901E7D15E500E0EA80 /* ViewController.swift */,
				F373A3921E7D15E500E0EA80 /* Main.storyboard */,
				F373A3A81E7D198700E0EA80 /* FirstImageViewController.swift */,
				F373A3951E7D15E500E0EA80 /* Assets.xcassets */,
				F373A3971E7D15E500E0EA80 /* LaunchScreen.storyboard */,
				F373A39A1E7D15E500E0EA80 /* Info.plist */,
			);
			path = "find-wally";
			sourceTree = "<group>";
		};
		F373A3AA1E7D1CCD00E0EA80 /* Frameworks */ = {
			isa = PBXGroup;
			children = (
				F373A3AB1E7D1CCD00E0EA80 /* AVFoundation.framework */,
			);
			name = Frameworks;
			sourceTree = "<group>";
		};
/* End PBXGroup section */

/* Begin PBXNativeTarget section */
		F373A38A1E7D15E500E0EA80 /* find-wally */ = {
			isa = PBXNativeTarget;
			buildConfigurationList = F373A39D1E7D15E500E0EA80 /* Build configuration list for PBXNativeTarget "find-wally" */;
			buildPhases = (
				F373A3871E7D15E500E0EA80 /* Sources */,
				F373A3881E7D15E500E0EA80 /* Frameworks */,
				F373A3891E7D15E500E0EA80 /* Resources */,
			);
			buildRules = (
			);
			dependencies = (
			);
			name = "find-wally";
			productName = "find-wally";
			productReference = F373A38B1E7D15E500E0EA80 /* find-wally.app */;
			productType = "com.apple.product-type.application";
		};
/* End PBXNativeTarget section */

/* Begin PBXProject section */
		F373A3831E7D15E500E0EA80 /* Project object */ = {
			isa = PBXProject;
			attributes = {
				LastSwiftUpdateCheck = 0820;
				LastUpgradeCheck = 0820;
				ORGANIZATIONNAME = Takanori.H;
				TargetAttributes = {
					F373A38A1E7D15E500E0EA80 = {
						CreatedOnToolsVersion = 8.2.1;
						ProvisioningStyle = Automatic;
					};
				};
			};
			buildConfigurationList = F373A3861E7D15E500E0EA80 /* Build configuration list for PBXProject "find-wally" */;
			compatibilityVersion = "Xcode 3.2";
			developmentRegion = English;
			hasScannedForEncodings = 0;
			knownRegions = (
				en,
				Base,
			);
			mainGroup = F373A3821E7D15E500E0EA80;
			productRefGroup = F373A38C1E7D15E500E0EA80 /* Products */;
			projectDirPath = "";
			projectRoot = "";
			targets = (
				F373A38A1E7D15E500E0EA80 /* find-wally */,
			);
		};
/* End PBXProject section */

/* Begin PBXResourcesBuildPhase section */
		F373A3891E7D15E500E0EA80 /* Resources */ = {
			isa = PBXResourcesBuildPhase;
			buildActionMask = 2147483647;
			files = (
				F373A3A21E7D161700E0EA80 /* find-wally-1.jpg in Resources */,
				F373A3991E7D15E500E0EA80 /* LaunchScreen.storyboard in Resources */,
				F373A3AE1E7D1D2700E0EA80 /* doop.mp3 in Resources */,
				F373A3A31E7D161700E0EA80 /* hi-wally.jpg in Resources */,
				F373A3961E7D15E500E0EA80 /* Assets.xcassets in Resources */,
				F373A3941E7D15E500E0EA80 /* Main.storyboard in Resources */,
			);
			runOnlyForDeploymentPostprocessing = 0;
		};
/* End PBXResourcesBuildPhase section */

/* Begin PBXSourcesBuildPhase section */
		F373A3871E7D15E500E0EA80 /* Sources */ = {
			isa = PBXSourcesBuildPhase;
			buildActionMask = 2147483647;
			files = (
				F373A3911E7D15E500E0EA80 /* ViewController.swift in Sources */,
				F373A3A91E7D198700E0EA80 /* FirstImageViewController.swift in Sources */,
				F373A38F1E7D15E500E0EA80 /* AppDelegate.swift in Sources */,
			);
			runOnlyForDeploymentPostprocessing = 0;
		};
/* End PBXSourcesBuildPhase section */

/* Begin PBXVariantGroup section */
		F373A3921E7D15E500E0EA80 /* Main.storyboard */ = {
			isa = PBXVariantGroup;
			children = (
				F373A3931E7D15E500E0EA80 /* Base */,
			);
			name = Main.storyboard;
			sourceTree = "<group>";
		};
		F373A3971E7D15E500E0EA80 /* LaunchScreen.storyboard */ = {
			isa = PBXVariantGroup;
			children = (
				F373A3981E7D15E500E0EA80 /* Base */,
			);
			name = LaunchScreen.storyboard;
			sourceTree = "<group>";
		};
/* End PBXVariantGroup section */

/* Begin XCBuildConfiguration section */
		F373A39B1E7D15E500E0EA80 /* Debug */ = {
			isa = XCBuildConfiguration;
			buildSettings = {
				ALWAYS_SEARCH_USER_PATHS = NO;
				CLANG_ANALYZER_NONNULL = YES;
				CLANG_CXX_LANGUAGE_STANDARD = "gnu++0x";
				CLANG_CXX_LIBRARY = "libc++";
				CLANG_ENABLE_MODULES = YES;
				CLANG_ENABLE_OBJC_ARC = YES;
				CLANG_WARN_BOOL_CONVERSION = YES;
				CLANG_WARN_CONSTANT_CONVERSION = YES;
				CLANG_WARN_DIRECT_OBJC_ISA_USAGE = YES_ERROR;
				CLANG_WARN_DOCUMENTATION_COMMENTS = YES;
				CLANG_WARN_EMPTY_BODY = YES;
				CLANG_WARN_ENUM_CONVERSION = YES;
				CLANG_WARN_INFINITE_RECURSION = YES;
				CLANG_WARN_INT_CONVERSION = YES;
				CLANG_WARN_OBJC_ROOT_CLASS = YES_ERROR;
				CLANG_WARN_SUSPICIOUS_MOVE = YES;
				CLANG_WARN_UNREACHABLE_CODE = YES;
				CLANG_WARN__DUPLICATE_METHOD_MATCH = YES;
				"CODE_SIGN_IDENTITY[sdk=iphoneos*]" = "iPhone Developer";
				COPY_PHASE_STRIP = NO;
				DEBUG_INFORMATION_FORMAT = dwarf;
				ENABLE_STRICT_OBJC_MSGSEND = YES;
				ENABLE_TESTABILITY = YES;
				GCC_C_LANGUAGE_STANDARD = gnu99;
				GCC_DYNAMIC_NO_PIC = NO;
				GCC_NO_COMMON_BLOCKS = YES;
				GCC_OPTIMIZATION_LEVEL = 0;
				GCC_PREPROCESSOR_DEFINITIONS = (
					"DEBUG=1",
					"$(inherited)",
				);
				GCC_WARN_64_TO_32_BIT_CONVERSION = YES;
				GCC_WARN_ABOUT_RETURN_TYPE = YES_ERROR;
				GCC_WARN_UNDECLARED_SELECTOR = YES;
				GCC_WARN_UNINITIALIZED_AUTOS = YES_AGGRESSIVE;
				GCC_WARN_UNUSED_FUNCTION = YES;
				GCC_WARN_UNUSED_VARIABLE = YES;
				IPHONEOS_DEPLOYMENT_TARGET = 10.2;
				MTL_ENABLE_DEBUG_INFO = YES;
				ONLY_ACTIVE_ARCH = YES;
				SDKROOT = iphoneos;
				SWIFT_ACTIVE_COMPILATION_CONDITIONS = DEBUG;
				SWIFT_OPTIMIZATION_LEVEL = "-Onone";
			};
			name = Debug;
		};
		F373A39C1E7D15E500E0EA80 /* Release */ = {
			isa = XCBuildConfiguration;
			buildSettings = {
				ALWAYS_SEARCH_USER_PATHS = NO;
				CLANG_ANALYZER_NONNULL = YES;
				CLANG_CXX_LANGUAGE_STANDARD = "gnu++0x";
				CLANG_CXX_LIBRARY = "libc++";
				CLANG_ENABLE_MODULES = YES;
				CLANG_ENABLE_OBJC_ARC = YES;
				CLANG_WARN_BOOL_CONVERSION = YES;
				CLANG_WARN_CONSTANT_CONVERSION = YES;
				CLANG_WARN_DIRECT_OBJC_ISA_USAGE = YES_ERROR;
				CLANG_WARN_DOCUMENTATION_COMMENTS = YES;
				CLANG_WARN_EMPTY_BODY = YES;
				CLANG_WARN_ENUM_CONVERSION = YES;
				CLANG_WARN_INFINITE_RECURSION = YES;
				CLANG_WARN_INT_CONVERSION = YES;
				CLANG_WARN_OBJC_ROOT_CLASS = YES_ERROR;
				CLANG_WARN_SUSPICIOUS_MOVE = YES;
				CLANG_WARN_UNREACHABLE_CODE = YES;
				CLANG_WARN__DUPLICATE_METHOD_MATCH = YES;
				"CODE_SIGN_IDENTITY[sdk=iphoneos*]" = "iPhone Developer";
				COPY_PHASE_STRIP = NO;
				DEBUG_INFORMATION_FORMAT = "dwarf-with-dsym";
				ENABLE_NS_ASSERTIONS = NO;
				ENABLE_STRICT_OBJC_MSGSEND = YES;
				GCC_C_LANGUAGE_STANDARD = gnu99;
				GCC_NO_COMMON_BLOCKS = YES;
				GCC_WARN_64_TO_32_BIT_CONVERSION = YES;
				GCC_WARN_ABOUT_RETURN_TYPE = YES_ERROR;
				GCC_WARN_UNDECLARED_SELECTOR = YES;
				GCC_WARN_UNINITIALIZED_AUTOS = YES_AGGRESSIVE;
				GCC_WARN_UNUSED_FUNCTION = YES;
				GCC_WARN_UNUSED_VARIABLE = YES;
				IPHONEOS_DEPLOYMENT_TARGET = 10.2;
				MTL_ENABLE_DEBUG_INFO = NO;
				SDKROOT = iphoneos;
				SWIFT_OPTIMIZATION_LEVEL = "-Owholemodule";
				VALIDATE_PRODUCT = YES;
			};
			name = Release;
		};
		F373A39E1E7D15E500E0EA80 /* Debug */ = {
			isa = XCBuildConfiguration;
			buildSettings = {
				ASSETCATALOG_COMPILER_APPICON_NAME = AppIcon;
				INFOPLIST_FILE = "find-wally/Info.plist";
				LD_RUNPATH_SEARCH_PATHS = "$(inherited) @executable_path/Frameworks";
				PRODUCT_BUNDLE_IDENTIFIER = "com.example.hasebe.find-wally";
				PRODUCT_NAME = "$(TARGET_NAME)";
				SWIFT_VERSION = 3.0;
			};
			name = Debug;
		};
		F373A39F1E7D15E500E0EA80 /* Release */ = {
			isa = XCBuildConfiguration;
			buildSettings = {
				ASSETCATALOG_COMPILER_APPICON_NAME = AppIcon;
				INFOPLIST_FILE = "find-wally/Info.plist";
				LD_RUNPATH_SEARCH_PATHS = "$(inherited) @executable_path/Frameworks";
				PRODUCT_BUNDLE_IDENTIFIER = "com.example.hasebe.find-wally";
				PRODUCT_NAME = "$(TARGET_NAME)";
				SWIFT_VERSION = 3.0;
			};
			name = Release;
		};
/* End XCBuildConfiguration section */

/* Begin XCConfigurationList section */
		F373A3861E7D15E500E0EA80 /* Build configuration list for PBXProject "find-wally" */ = {
			isa = XCConfigurationList;
			buildConfigurations = (
				F373A39B1E7D15E500E0EA80 /* Debug */,
				F373A39C1E7D15E500E0EA80 /* Release */,
			);
			defaultConfigurationIsVisible = 0;
			defaultConfigurationName = Release;
		};
		F373A39D1E7D15E500E0EA80 /* Build configuration list for PBXNativeTarget "find-wally" */ = {
			isa = XCConfigurationList;
			buildConfigurations = (
				F373A39E1E7D15E500E0EA80 /* Debug */,
				F373A39F1E7D15E500E0EA80 /* Release */,
			);
			defaultConfigurationIsVisible = 0;
		};
/* End XCConfigurationList section */
	};
	rootObject = F373A3831E7D15E500E0EA80 /* Project object */;
}
